
Microsoft Visual Studio Solution File, Format Version 12.00
# Visual Studio Version 17
VisualStudioVersion = 17.12.35728.132 d17.12
MinimumVisualStudioVersion = 10.0.40219.1
Project("{FAE04EC0-301F-11D3-BF4B-00C04F79EFBC}") = "RazorPagesMovie", "RazorPagesMovie.csproj", "{E28FC2B1-CFCE-4BD1-8546-AD41841FFE2B}"
EndProject
Global
	GlobalSection(SolutionConfigurationPlatforms) = preSolution
		Debug|Any CPU = Debug|Any CPU
		Release|Any CPU = Release|Any CPU
	EndGlobalSection
	GlobalSection(ProjectConfigurationPlatforms) = postSolution
		{E28FC2B1-CFCE-4BD1-8546-AD41841FFE2B}.Debug|Any CPU.ActiveCfg = Debug|Any CPU
		{E28FC2B1-CFCE-4BD1-8546-AD41841FFE2B}.Debug|Any CPU.Build.0 = Debug|Any CPU
		{E28FC2B1-CFCE-4BD1-8546-AD41841FFE2B}.Release|Any CPU.ActiveCfg = Release|Any CPU
		{E28FC2B1-CFCE-4BD1-8546-AD41841FFE2B}.Release|Any CPU.Build.0 = Release|Any CPU
	EndGlobalSection
	GlobalSection(SolutionProperties) = preSolution
		HideSolutionNode = FALSE
	EndGlobalSection
EndGlobal
